// !$*UTF8*$!
{
	archiveVersion = 1;
	classes = {
	};
	objectVersion = 50;
	objects = {

/* Begin PBXBuildFile section */
		1BC89757260CCC2F001E8608 /* ComboBoxSDK.framework in Frameworks */ = {isa = PBXBuildFile; fileRef = 1BC8974D260CCC2E001E8608 /* ComboBoxSDK.framework */; };
		1BC8975C260CCC2F001E8608 /* ComboBoxSDKTests.swift in Sources */ = {isa = PBXBuildFile; fileRef = 1BC8975B260CCC2F001E8608 /* ComboBoxSDKTests.swift */; };
		1BC8975E260CCC2F001E8608 /* ComboBoxSDK.h in Headers */ = {isa = PBXBuildFile; fileRef = 1BC89750260CCC2E001E8608 /* ComboBoxSDK.h */; settings = {ATTRIBUTES = (Public, ); }; };
		1BC89780260CCDB7001E8608 /* EWMenuTableViewCell.swift in Sources */ = {isa = PBXBuildFile; fileRef = 1BC8977D260CCDB7001E8608 /* EWMenuTableViewCell.swift */; };
		1BC89781260CCDB7001E8608 /* EWPopMenu.swift in Sources */ = {isa = PBXBuildFile; fileRef = 1BC8977E260CCDB7001E8608 /* EWPopMenu.swift */; };
		1BC89782260CCDB7001E8608 /* EWPopMenuView.swift in Sources */ = {isa = PBXBuildFile; fileRef = 1BC8977F260CCDB7001E8608 /* EWPopMenuView.swift */; };
		1BC897BF260CD7BC001E8608 /* DropBoxTextField.swift in Sources */ = {isa = PBXBuildFile; fileRef = 1BC897BE260CD7BC001E8608 /* DropBoxTextField.swift */; };
		89FF9155980741864E2A64FA /* Pods_ComboBoxSDK.framework in Frameworks */ = {isa = PBXBuildFile; fileRef = 6E2234E687D6A319EDB4E575 /* Pods_ComboBoxSDK.framework */; };
/* End PBXBuildFile section */

/* Begin PBXContainerItemProxy section */
		1BC89758260CCC2F001E8608 /* PBXContainerItemProxy */ = {
			isa = PBXContainerItemProxy;
			containerPortal = 1BC89744260CCC2E001E8608 /* Project object */;
			proxyType = 1;
			remoteGlobalIDString = 1BC8974C260CCC2E001E8608;
			remoteInfo = ComboBoxSDK;
		};
/* End PBXContainerItemProxy section */

/* Begin PBXFileReference section */
		1BC8974D260CCC2E001E8608 /* ComboBoxSDK.framework */ = {isa = PBXFileReference; explicitFileType = wrapper.framework; includeInIndex = 0; path = ComboBoxSDK.framework; sourceTree = BUILT_PRODUCTS_DIR; };
		1BC89750260CCC2E001E8608 /* ComboBoxSDK.h */ = {isa = PBXFileReference; lastKnownFileType = sourcecode.c.h; path = ComboBoxSDK.h; sourceTree = "<group>"; };
		1BC89751260CCC2E001E8608 /* Info.plist */ = {isa = PBXFileReference; lastKnownFileType = text.plist.xml; path = Info.plist; sourceTree = "<group>"; };
		1BC89756260CCC2F001E8608 /* ComboBoxSDKTests.xctest */ = {isa = PBXFileReference; explicitFileType = wrapper.cfbundle; includeInIndex = 0; path = ComboBoxSDKTests.xctest; sourceTree = BUILT_PRODUCTS_DIR; };
		1BC8975B260CCC2F001E8608 /* ComboBoxSDKTests.swift */ = {isa = PBXFileReference; lastKnownFileType = sourcecode.swift; path = ComboBoxSDKTests.swift; sourceTree = "<group>"; };
		1BC8975D260CCC2F001E8608 /* Info.plist */ = {isa = PBXFileReference; lastKnownFileType = text.plist.xml; path = Info.plist; sourceTree = "<group>"; };
		1BC8977D260CCDB7001E8608 /* EWMenuTableViewCell.swift */ = {isa = PBXFileReference; fileEncoding = 4; lastKnownFileType = sourcecode.swift; name = EWMenuTableViewCell.swift; path = ComboBoxSDK/EWMenuTableViewCell.swift; sourceTree = SOURCE_ROOT; };
		1BC8977E260CCDB7001E8608 /* EWPopMenu.swift */ = {isa = PBXFileReference; fileEncoding = 4; lastKnownFileType = sourcecode.swift; name = EWPopMenu.swift; path = ComboBoxSDK/EWPopMenu.swift; sourceTree = SOURCE_ROOT; };
		1BC8977F260CCDB7001E8608 /* EWPopMenuView.swift */ = {isa = PBXFileReference; fileEncoding = 4; lastKnownFileType = sourcecode.swift; name = EWPopMenuView.swift; path = ComboBoxSDK/EWPopMenuView.swift; sourceTree = SOURCE_ROOT; };
		1BC897BE260CD7BC001E8608 /* DropBoxTextField.swift */ = {isa = PBXFileReference; fileEncoding = 4; lastKnownFileType = sourcecode.swift; path = DropBoxTextField.swift; sourceTree = "<group>"; };
		2D106662482E10174D6AB6C5 /* Pods-ComboBoxSDK.debug.xcconfig */ = {isa = PBXFileReference; includeInIndex = 1; lastKnownFileType = text.xcconfig; name = "Pods-ComboBoxSDK.debug.xcconfig"; path = "Target Support Files/Pods-ComboBoxSDK/Pods-ComboBoxSDK.debug.xcconfig"; sourceTree = "<group>"; };
		6E2234E687D6A319EDB4E575 /* Pods_ComboBoxSDK.framework */ = {isa = PBXFileReference; explicitFileType = wrapper.framework; includeInIndex = 0; path = Pods_ComboBoxSDK.framework; sourceTree = BUILT_PRODUCTS_DIR; };
		A5812B41114F4137C4DC565D /* Pods-ComboBoxSDK.release.xcconfig */ = {isa = PBXFileReference; includeInIndex = 1; lastKnownFileType = text.xcconfig; name = "Pods-ComboBoxSDK.release.xcconfig"; path = "Target Support Files/Pods-ComboBoxSDK/Pods-ComboBoxSDK.release.xcconfig"; sourceTree = "<group>"; };
/* End PBXFileReference section */

/* Begin PBXFrameworksBuildPhase section */
		1BC8974A260CCC2E001E8608 /* Frameworks */ = {
			isa = PBXFrameworksBuildPhase;
			buildActionMask = 2147483647;
			files = (
				89FF9155980741864E2A64FA /* Pods_ComboBoxSDK.framework in Frameworks */,
			);
			runOnlyForDeploymentPostprocessing = 0;
		};
		1BC89753260CCC2F001E8608 /* Frameworks */ = {
			isa = PBXFrameworksBuildPhase;
			buildActionMask = 2147483647;
			files = (
				1BC89757260CCC2F001E8608 /* ComboBoxSDK.framework in Frameworks */,
			);
			runOnlyForDeploymentPostprocessing = 0;
		};
/* End PBXFrameworksBuildPhase section */

/* Begin PBXGroup section */
		1BC89743260CCC2E001E8608 = {
			isa = PBXGroup;
			children = (
				1BC8974F260CCC2E001E8608 /* ComboBoxSDK */,
				1BC8975A260CCC2F001E8608 /* ComboBoxSDKTests */,
				1BC8974E260CCC2E001E8608 /* Products */,
				F653583F43CB0269790143DD /* Pods */,
				8C9ACB01F81BD2EFD55FD967 /* Frameworks */,
			);
			sourceTree = "<group>";
		};
		1BC8974E260CCC2E001E8608 /* Products */ = {
			isa = PBXGroup;
			children = (
				1BC8974D260CCC2E001E8608 /* ComboBoxSDK.framework */,
				1BC89756260CCC2F001E8608 /* ComboBoxSDKTests.xctest */,
			);
			name = Products;
			sourceTree = "<group>";
		};
		1BC8974F260CCC2E001E8608 /* ComboBoxSDK */ = {
			isa = PBXGroup;
			children = (
				1BC897BE260CD7BC001E8608 /* DropBoxTextField.swift */,
				1BC8977D260CCDB7001E8608 /* EWMenuTableViewCell.swift */,
				1BC8977E260CCDB7001E8608 /* EWPopMenu.swift */,
				1BC8977F260CCDB7001E8608 /* EWPopMenuView.swift */,
				1BC89750260CCC2E001E8608 /* ComboBoxSDK.h */,
				1BC89751260CCC2E001E8608 /* Info.plist */,
			);
			path = ComboBoxSDK;
			sourceTree = "<group>";
		};
		1BC8975A260CCC2F001E8608 /* ComboBoxSDKTests */ = {
			isa = PBXGroup;
			children = (
				1BC8975B260CCC2F001E8608 /* ComboBoxSDKTests.swift */,
				1BC8975D260CCC2F001E8608 /* Info.plist */,
			);
			path = ComboBoxSDKTests;
			sourceTree = "<group>";
		};
		8C9ACB01F81BD2EFD55FD967 /* Frameworks */ = {
			isa = PBXGroup;
			children = (
				6E2234E687D6A319EDB4E575 /* Pods_ComboBoxSDK.framework */,
			);
			name = Frameworks;
			sourceTree = "<group>";
		};
		F653583F43CB0269790143DD /* Pods */ = {
			isa = PBXGroup;
			children = (
				2D106662482E10174D6AB6C5 /* Pods-ComboBoxSDK.debug.xcconfig */,
				A5812B41114F4137C4DC565D /* Pods-ComboBoxSDK.release.xcconfig */,
			);
			name = Pods;
			path = ../SeeneLevel/Pods;
			sourceTree = "<group>";
		};
/* End PBXGroup section */

/* Begin PBXHeadersBuildPhase section */
		1BC89748260CCC2E001E8608 /* Headers */ = {
			isa = PBXHeadersBuildPhase;
			buildActionMask = 2147483647;
			files = (
				1BC8975E260CCC2F001E8608 /* ComboBoxSDK.h in Headers */,
			);
			runOnlyForDeploymentPostprocessing = 0;
		};
/* End PBXHeadersBuildPhase section */

/* Begin PBXNativeTarget section */
		1BC8974C260CCC2E001E8608 /* ComboBoxSDK */ = {
			isa = PBXNativeTarget;
			buildConfigurationList = 1BC89761260CCC2F001E8608 /* Build configuration list for PBXNativeTarget "ComboBoxSDK" */;
			buildPhases = (
				F1799F5FBD07A7D6E2B253E5 /* [CP] Check Pods Manifest.lock */,
				1BC89748260CCC2E001E8608 /* Headers */,
				1BC89749260CCC2E001E8608 /* Sources */,
				1BC8974A260CCC2E001E8608 /* Frameworks */,
				1BC8974B260CCC2E001E8608 /* Resources */,
			);
			buildRules = (
			);
			dependencies = (
			);
			name = ComboBoxSDK;
			productName = ComboBoxSDK;
			productReference = 1BC8974D260CCC2E001E8608 /* ComboBoxSDK.framework */;
			productType = "com.apple.product-type.framework";
		};
		1BC89755260CCC2F001E8608 /* ComboBoxSDKTests */ = {
			isa = PBXNativeTarget;
			buildConfigurationList = 1BC89764260CCC2F001E8608 /* Build configuration list for PBXNativeTarget "ComboBoxSDKTests" */;
			buildPhases = (
				1BC89752260CCC2F001E8608 /* Sources */,
				1BC89753260CCC2F001E8608 /* Frameworks */,
				1BC89754260CCC2F001E8608 /* Resources */,
			);
			buildRules = (
			);
			dependencies = (
				1BC89759260CCC2F001E8608 /* PBXTargetDependency */,
			);
			name = ComboBoxSDKTests;
			productName = ComboBoxSDKTests;
			productReference = 1BC89756260CCC2F001E8608 /* ComboBoxSDKTests.xctest */;
			productType = "com.apple.product-type.bundle.unit-test";
		};
/* End PBXNativeTarget section */

/* Begin PBXProject section */
		1BC89744260CCC2E001E8608 /* Project object */ = {
			isa = PBXProject;
			attributes = {
				LastSwiftUpdateCheck = 1240;
				LastUpgradeCheck = 1240;
				TargetAttributes = {
					1BC8974C260CCC2E001E8608 = {
						CreatedOnToolsVersion = 12.4;
						LastSwiftMigration = 1240;
					};
					1BC89755260CCC2F001E8608 = {
						CreatedOnToolsVersion = 12.4;
					};
				};
			};
			buildConfigurationList = 1BC89747260CCC2E001E8608 /* Build configuration list for PBXProject "ComboBoxSDK" */;
			compatibilityVersion = "Xcode 9.3";
			developmentRegion = en;
			hasScannedForEncodings = 0;
			knownRegions = (
				en,
				Base,
			);
			mainGroup = 1BC89743260CCC2E001E8608;
			productRefGroup = 1BC8974E260CCC2E001E8608 /* Products */;
			projectDirPath = "";
			projectRoot = "";
			targets = (
				1BC8974C260CCC2E001E8608 /* ComboBoxSDK */,
				1BC89755260CCC2F001E8608 /* ComboBoxSDKTests */,
			);
		};
/* End PBXProject section */

/* Begin PBXResourcesBuildPhase section */
		1BC8974B260CCC2E001E8608 /* Resources */ = {
			isa = PBXResourcesBuildPhase;
			buildActionMask = 2147483647;
			files = (
			);
			runOnlyForDeploymentPostprocessing = 0;
		};
		1BC89754260CCC2F001E8608 /* Resources */ = {
			isa = PBXResourcesBuildPhase;
			buildActionMask = 2147483647;
			files = (
			);
			runOnlyForDeploymentPostprocessing = 0;
		};
/* End PBXResourcesBuildPhase section */

/* Begin PBXShellScriptBuildPhase section */
		F1799F5FBD07A7D6E2B253E5 /* [CP] Check Pods Manifest.lock */ = {
			isa = PBXShellScriptBuildPhase;
			buildActionMask = 2147483647;
			files = (
			);
			inputFileListPaths = (
			);
			inputPaths = (
				"${PODS_PODFILE_DIR_PATH}/Podfile.lock",
				"${PODS_ROOT}/Manifest.lock",
			);
			name = "[CP] Check Pods Manifest.lock";
			outputFileListPaths = (
			);
			outputPaths = (
				"$(DERIVED_FILE_DIR)/Pods-ComboBoxSDK-checkManifestLockResult.txt",
			);
			runOnlyForDeploymentPostprocessing = 0;
			shellPath = /bin/sh;
			shellScript = "diff \"${PODS_PODFILE_DIR_PATH}/Podfile.lock\" \"${PODS_ROOT}/Manifest.lock\" > /dev/null\nif [ $? != 0 ] ; then\n    # print error to STDERR\n    echo \"error: The sandbox is not in sync with the Podfile.lock. Run 'pod install' or update your CocoaPods installation.\" >&2\n    exit 1\nfi\n# This output is used by Xcode 'outputs' to avoid re-running this script phase.\necho \"SUCCESS\" > \"${SCRIPT_OUTPUT_FILE_0}\"\n";
			showEnvVarsInLog = 0;
		};
/* End PBXShellScriptBuildPhase section */

/* Begin PBXSourcesBuildPhase section */
		1BC89749260CCC2E001E8608 /* Sources */ = {
			isa = PBXSourcesBuildPhase;
			buildActionMask = 2147483647;
			files = (
				1BC897BF260CD7BC001E8608 /* DropBoxTextField.swift in Sources */,
				1BC89781260CCDB7001E8608 /* EWPopMenu.swift in Sources */,
				1BC89782260CCDB7001E8608 /* EWPopMenuView.swift in Sources */,
				1BC89780260CCDB7001E8608 /* EWMenuTableViewCell.swift in Sources */,
			);
			runOnlyForDeploymentPostprocessing = 0;
		};
		1BC89752260CCC2F001E8608 /* Sources */ = {
			isa = PBXSourcesBuildPhase;
			buildActionMask = 2147483647;
			files = (
				1BC8975C260CCC2F001E8608 /* ComboBoxSDKTests.swift in Sources */,
			);
			runOnlyForDeploymentPostprocessing = 0;
		};
/* End PBXSourcesBuildPhase section */

/* Begin PBXTargetDependency section */
		1BC89759260CCC2F001E8608 /* PBXTargetDependency */ = {
			isa = PBXTargetDependency;
			target = 1BC8974C260CCC2E001E8608 /* ComboBoxSDK */;
			targetProxy = 1BC89758260CCC2F001E8608 /* PBXContainerItemProxy */;
		};
/* End PBXTargetDependency section */

/* Begin XCBuildConfiguration section */
		1BC8975F260CCC2F001E8608 /* Debug */ = {
			isa = XCBuildConfiguration;
			buildSettings = {
				ALWAYS_SEARCH_USER_PATHS = NO;
				CLANG_ANALYZER_NONNULL = YES;
				CLANG_ANALYZER_NUMBER_OBJECT_CONVERSION = YES_AGGRESSIVE;
				CLANG_CXX_LANGUAGE_STANDARD = "gnu++14";
				CLANG_CXX_LIBRARY = "libc++";
				CLANG_ENABLE_MODULES = YES;
				CLANG_ENABLE_OBJC_ARC = YES;
				CLANG_ENABLE_OBJC_WEAK = YES;
				CLANG_WARN_BLOCK_CAPTURE_AUTORELEASING = YES;
				CLANG_WARN_BOOL_CONVERSION = YES;
				CLANG_WARN_COMMA = YES;
				CLANG_WARN_CONSTANT_CONVERSION = YES;
				CLANG_WARN_DEPRECATED_OBJC_IMPLEMENTATIONS = YES;
				CLANG_WARN_DIRECT_OBJC_ISA_USAGE = YES_ERROR;
				CLANG_WARN_DOCUMENTATION_COMMENTS = YES;
				CLANG_WARN_EMPTY_BODY = YES;
				CLANG_WARN_ENUM_CONVERSION = YES;
				CLANG_WARN_INFINITE_RECURSION = YES;
				CLANG_WARN_INT_CONVERSION = YES;
				CLANG_WARN_NON_LITERAL_NULL_CONVERSION = YES;
				CLANG_WARN_OBJC_IMPLICIT_RETAIN_SELF = YES;
				CLANG_WARN_OBJC_LITERAL_CONVERSION = YES;
				CLANG_WARN_OBJC_ROOT_CLASS = YES_ERROR;
				CLANG_WARN_QUOTED_INCLUDE_IN_FRAMEWORK_HEADER = YES;
				CLANG_WARN_RANGE_LOOP_ANALYSIS = YES;
				CLANG_WARN_STRICT_PROTOTYPES = YES;
				CLANG_WARN_SUSPICIOUS_MOVE = YES;
				CLANG_WARN_UNGUARDED_AVAILABILITY = YES_AGGRESSIVE;
				CLANG_WARN_UNREACHABLE_CODE = YES;
				CLANG_WARN__DUPLICATE_METHOD_MATCH = YES;
				COPY_PHASE_STRIP = NO;
				CURRENT_PROJECT_VERSION = 1;
				DEBUG_INFORMATION_FORMAT = dwarf;
				ENABLE_STRICT_OBJC_MSGSEND = YES;
				ENABLE_TESTABILITY = YES;
				GCC_C_LANGUAGE_STANDARD = gnu11;
				GCC_DYNAMIC_NO_PIC = NO;
				GCC_NO_COMMON_BLOCKS = YES;
				GCC_OPTIMIZATION_LEVEL = 0;
				GCC_PREPROCESSOR_DEFINITIONS = (
					"DEBUG=1",
					"$(inherited)",
				);
				GCC_WARN_64_TO_32_BIT_CONVERSION = YES;
				GCC_WARN_ABOUT_RETURN_TYPE = YES_ERROR;
				GCC_WARN_UNDECLARED_SELECTOR = YES;
				GCC_WARN_UNINITIALIZED_AUTOS = YES_AGGRESSIVE;
				GCC_WARN_UNUSED_FUNCTION = YES;
				GCC_WARN_UNUSED_VARIABLE = YES;
				IPHONEOS_DEPLOYMENT_TARGET = 9.0;
				MTL_ENABLE_DEBUG_INFO = INCLUDE_SOURCE;
				MTL_FAST_MATH = YES;
				ONLY_ACTIVE_ARCH = YES;
				SDKROOT = iphoneos;
				SWIFT_ACTIVE_COMPILATION_CONDITIONS = DEBUG;
				SWIFT_OPTIMIZATION_LEVEL = "-Onone";
				VERSIONING_SYSTEM = "apple-generic";
				VERSION_INFO_PREFIX = "";
			};
			name = Debug;
		};
		1BC89760260CCC2F001E8608 /* Release */ = {
			isa = XCBuildConfiguration;
			buildSettings = {
				ALWAYS_SEARCH_USER_PATHS = NO;
				CLANG_ANALYZER_NONNULL = YES;
				CLANG_ANALYZER_NUMBER_OBJECT_CONVERSION = YES_AGGRESSIVE;
				CLANG_CXX_LANGUAGE_STANDARD = "gnu++14";
				CLANG_CXX_LIBRARY = "libc++";
				CLANG_ENABLE_MODULES = YES;
				CLANG_ENABLE_OBJC_ARC = YES;
				CLANG_ENABLE_OBJC_WEAK = YES;
				CLANG_WARN_BLOCK_CAPTURE_AUTORELEASING = YES;
				CLANG_WARN_BOOL_CONVERSION = YES;
				CLANG_WARN_COMMA = YES;
				CLANG_WARN_CONSTANT_CONVERSION = YES;
				CLANG_WARN_DEPRECATED_OBJC_IMPLEMENTATIONS = YES;
				CLANG_WARN_DIRECT_OBJC_ISA_USAGE = YES_ERROR;
				CLANG_WARN_DOCUMENTATION_COMMENTS = YES;
				CLANG_WARN_EMPTY_BODY = YES;
				CLANG_WARN_ENUM_CONVERSION = YES;
				CLANG_WARN_INFINITE_RECURSION = YES;
				CLANG_WARN_INT_CONVERSION = YES;
				CLANG_WARN_NON_LITERAL_NULL_CONVERSION = YES;
				CLANG_WARN_OBJC_IMPLICIT_RETAIN_SELF = YES;
				CLANG_WARN_OBJC_LITERAL_CONVERSION = YES;
				CLANG_WARN_OBJC_ROOT_CLASS = YES_ERROR;
				CLANG_WARN_QUOTED_INCLUDE_IN_FRAMEWORK_HEADER = YES;
				CLANG_WARN_RANGE_LOOP_ANALYSIS = YES;
				CLANG_WARN_STRICT_PROTOTYPES = YES;
				CLANG_WARN_SUSPICIOUS_MOVE = YES;
				CLANG_WARN_UNGUARDED_AVAILABILITY = YES_AGGRESSIVE;
				CLANG_WARN_UNREACHABLE_CODE = YES;
				CLANG_WARN__DUPLICATE_METHOD_MATCH = YES;
				COPY_PHASE_STRIP = NO;
				CURRENT_PROJECT_VERSION = 1;
				DEBUG_INFORMATION_FORMAT = "dwarf-with-dsym";
				ENABLE_NS_ASSERTIONS = NO;
				ENABLE_STRICT_OBJC_MSGSEND = YES;
				GCC_C_LANGUAGE_STANDARD = gnu11;
				GCC_NO_COMMON_BLOCKS = YES;
				GCC_WARN_64_TO_32_BIT_CONVERSION = YES;
				GCC_WARN_ABOUT_RETURN_TYPE = YES_ERROR;
				GCC_WARN_UNDECLARED_SELECTOR = YES;
				GCC_WARN_UNINITIALIZED_AUTOS = YES_AGGRESSIVE;
				GCC_WARN_UNUSED_FUNCTION = YES;
				GCC_WARN_UNUSED_VARIABLE = YES;
				IPHONEOS_DEPLOYMENT_TARGET = 9.0;
				MTL_ENABLE_DEBUG_INFO = NO;
				MTL_FAST_MATH = YES;
				SDKROOT = iphoneos;
				SWIFT_COMPILATION_MODE = wholemodule;
				SWIFT_OPTIMIZATION_LEVEL = "-O";
				VALIDATE_PRODUCT = YES;
				VERSIONING_SYSTEM = "apple-generic";
				VERSION_INFO_PREFIX = "";
			};
			name = Release;
		};
		1BC89762260CCC2F001E8608 /* Debug */ = {
			isa = XCBuildConfiguration;
			baseConfigurationReference = 2D106662482E10174D6AB6C5 /* Pods-ComboBoxSDK.debug.xcconfig */;
			buildSettings = {
				CLANG_ENABLE_MODULES = YES;
				CODE_SIGN_STYLE = Automatic;
				DEFINES_MODULE = YES;
				DYLIB_COMPATIBILITY_VERSION = 1;
				DYLIB_CURRENT_VERSION = 1;
				DYLIB_INSTALL_NAME_BASE = "@rpath";
				INFOPLIST_FILE = ComboBoxSDK/Info.plist;
				INSTALL_PATH = "$(LOCAL_LIBRARY_DIR)/Frameworks";
				LD_RUNPATH_SEARCH_PATHS = (
					"$(inherited)",
					"@executable_path/Frameworks",
					"@loader_path/Frameworks",
				);
				MACH_O_TYPE = staticlib;
				ONLY_ACTIVE_ARCH = NO;
				PRODUCT_BUNDLE_IDENTIFIER = com.yunrui.ComboBoxSDK;
				PRODUCT_NAME = "$(TARGET_NAME:c99extidentifier)";
				SKIP_INSTALL = YES;
				SWIFT_OPTIMIZATION_LEVEL = "-Onone";
				SWIFT_VERSION = 5.0;
				TARGETED_DEVICE_FAMILY = "1,2";
			};
			name = Debug;
		};
		1BC89763260CCC2F001E8608 /* Release */ = {
			isa = XCBuildConfiguration;
			baseConfigurationReference = A5812B41114F4137C4DC565D /* Pods-ComboBoxSDK.release.xcconfig */;
			buildSettings = {
				CLANG_ENABLE_MODULES = YES;
				CODE_SIGN_STYLE = Automatic;
				DEFINES_MODULE = YES;
				DYLIB_COMPATIBILITY_VERSION = 1;
				DYLIB_CURRENT_VERSION = 1;
				DYLIB_INSTALL_NAME_BASE = "@rpath";
				INFOPLIST_FILE = ComboBoxSDK/Info.plist;
				INSTALL_PATH = "$(LOCAL_LIBRARY_DIR)/Frameworks";
				LD_RUNPATH_SEARCH_PATHS = (
					"$(inherited)",
					"@executable_path/Frameworks",
					"@loader_path/Frameworks",
				);
				MACH_O_TYPE = staticlib;
				ONLY_ACTIVE_ARCH = NO;
				PRODUCT_BUNDLE_IDENTIFIER = com.yunrui.ComboBoxSDK;
				PRODUCT_NAME = "$(TARGET_NAME:c99extidentifier)";
				SKIP_INSTALL = YES;
				SWIFT_VERSION = 5.0;
				TARGETED_DEVICE_FAMILY = "1,2";
			};
			name = Release;
		};
		1BC89765260CCC2F001E8608 /* Debug */ = {
			isa = XCBuildConfiguration;
			buildSettings = {
				ALWAYS_EMBED_SWIFT_STANDARD_LIBRARIES = YES;
				CODE_SIGN_STYLE = Automatic;
				INFOPLIST_FILE = ComboBoxSDKTests/Info.plist;
				LD_RUNPATH_SEARCH_PATHS = (
					"$(inherited)",
					"@executable_path/Frameworks",
					"@loader_path/Frameworks",
				);
				PRODUCT_BUNDLE_IDENTIFIER = com.yunrui.ComboBoxSDKTests;
				PRODUCT_NAME = "$(TARGET_NAME)";
				SWIFT_VERSION = 5.0;
				TARGETED_DEVICE_FAMILY = "1,2";
			};
			name = Debug;
		};
		1BC89766260CCC2F001E8608 /* Release */ = {
			isa = XCBuildConfiguration;
			buildSettings = {
				ALWAYS_EMBED_SWIFT_STANDARD_LIBRARIES = YES;
				CODE_SIGN_STYLE = Automatic;
				INFOPLIST_FILE = ComboBoxSDKTests/Info.plist;
				LD_RUNPATH_SEARCH_PATHS = (
					"$(inherited)",
					"@executable_path/Frameworks",
					"@loader_path/Frameworks",
				);
				PRODUCT_BUNDLE_IDENTIFIER = com.yunrui.ComboBoxSDKTests;
				PRODUCT_NAME = "$(TARGET_NAME)";
				SWIFT_VERSION = 5.0;
				TARGETED_DEVICE_FAMILY = "1,2";
			};
			name = Release;
		};
/* End XCBuildConfiguration section */

/* Begin XCConfigurationList section */
		1BC89747260CCC2E001E8608 /* Build configuration list for PBXProject "ComboBoxSDK" */ = {
			isa = XCConfigurationList;
			buildConfigurations = (
				1BC8975F260CCC2F001E8608 /* Debug */,
				1BC89760260CCC2F001E8608 /* Release */,
			);
			defaultConfigurationIsVisible = 0;
			defaultConfigurationName = Release;
		};
		1BC89761260CCC2F001E8608 /* Build configuration list for PBXNativeTarget "ComboBoxSDK" */ = {
			isa = XCConfigurationList;
			buildConfigurations = (
				1BC89762260CCC2F001E8608 /* Debug */,
				1BC89763260CCC2F001E8608 /* Release */,
			);
			defaultConfigurationIsVisible = 0;
			defaultConfigurationName = Release;
		};
		1BC89764260CCC2F001E8608 /* Build configuration list for PBXNativeTarget "ComboBoxSDKTests" */ = {
			isa = XCConfigurationList;
			buildConfigurations = (
				1BC89765260CCC2F001E8608 /* Debug */,
				1BC89766260CCC2F001E8608 /* Release */,
			);
			defaultConfigurationIsVisible = 0;
			defaultConfigurationName = Release;
		};
/* End XCConfigurationList section */
	};
	rootObject = 1BC89744260CCC2E001E8608 /* Project object */;
}
